
Microsoft Visual Studio Solution File, Format Version 12.00
# Visual Studio Version 17
VisualStudioVersion = 17.0.31903.59
MinimumVisualStudioVersion = 10.0.40219.1
Project("{FAE04EC0-301F-11D3-BF4B-00C04F79EFBC}") = "Taskedo.Tasks.Domain", "Taskedo.Tasks.Domain\Taskedo.Tasks.Domain.csproj", "{D4207AC0-4DD9-4FC5-8FFE-B0E572805338}"
EndProject
Project("{FAE04EC0-301F-11D3-BF4B-00C04F79EFBC}") = "Taskedo.WebApi", "Taskedo.WebApi\Taskedo.WebApi.csproj", "{F1623E4D-FC04-4964-99DD-C1E713AAB65D}"
EndProject
Project("{FAE04EC0-301F-11D3-BF4B-00C04F79EFBC}") = "Taskedo.Tasks.Application", "Taskedo.Tasks.Application\Taskedo.Tasks.Application.csproj", "{A749D197-C6AF-4AC9-AF91-ECD616D55E10}"
EndProject
Project("{FAE04EC0-301F-11D3-BF4B-00C04F79EFBC}") = "Taskedo.Tasks.Database.Context", "Taskedo.Tasks.Database.Context\Taskedo.Tasks.Database.Context.csproj", "{590B3377-2291-4476-A881-B54762BBE3A8}"
EndProject
Project("{FAE04EC0-301F-11D3-BF4B-00C04F79EFBC}") = "Taskedo.Tasks.Database.Changes", "Taskedo.Tasks.Database.Changes\Taskedo.Tasks.Database.Changes.csproj", "{E422C059-D993-4A18-B3FC-2A340F523622}"
EndProject
Project("{FAE04EC0-301F-11D3-BF4B-00C04F79EFBC}") = "Taskedo.Tasks.Database.Startup", "Taskedo.Tasks.Database.Startup\Taskedo.Tasks.Database.Startup.csproj", "{A3BAAA9B-7B15-4A88-A762-C040877ABFC3}"
EndProject
Project("{FAE04EC0-301F-11D3-BF4B-00C04F79EFBC}") = "Taskedo.WebApi.UnitTests", "Taskedo.WebApi.UnitTests\Taskedo.WebApi.UnitTests.csproj", "{A3DE611C-DC64-4E83-9D27-A732DC4861E2}"
EndProject
Global
	GlobalSection(SolutionConfigurationPlatforms) = preSolution
		Debug|Any CPU = Debug|Any CPU
		Release|Any CPU = Release|Any CPU
	EndGlobalSection
	GlobalSection(SolutionProperties) = preSolution
		HideSolutionNode = FALSE
	EndGlobalSection
	GlobalSection(ProjectConfigurationPlatforms) = postSolution
		{D4207AC0-4DD9-4FC5-8FFE-B0E572805338}.Debug|Any CPU.ActiveCfg = Debug|Any CPU
		{D4207AC0-4DD9-4FC5-8FFE-B0E572805338}.Debug|Any CPU.Build.0 = Debug|Any CPU
		{D4207AC0-4DD9-4FC5-8FFE-B0E572805338}.Release|Any CPU.ActiveCfg = Release|Any CPU
		{D4207AC0-4DD9-4FC5-8FFE-B0E572805338}.Release|Any CPU.Build.0 = Release|Any CPU
		{F1623E4D-FC04-4964-99DD-C1E713AAB65D}.Debug|Any CPU.ActiveCfg = Debug|Any CPU
		{F1623E4D-FC04-4964-99DD-C1E713AAB65D}.Debug|Any CPU.Build.0 = Debug|Any CPU
		{F1623E4D-FC04-4964-99DD-C1E713AAB65D}.Release|Any CPU.ActiveCfg = Release|Any CPU
		{F1623E4D-FC04-4964-99DD-C1E713AAB65D}.Release|Any CPU.Build.0 = Release|Any CPU
		{A749D197-C6AF-4AC9-AF91-ECD616D55E10}.Debug|Any CPU.ActiveCfg = Debug|Any CPU
		{A749D197-C6AF-4AC9-AF91-ECD616D55E10}.Debug|Any CPU.Build.0 = Debug|Any CPU
		{A749D197-C6AF-4AC9-AF91-ECD616D55E10}.Release|Any CPU.ActiveCfg = Release|Any CPU
		{A749D197-C6AF-4AC9-AF91-ECD616D55E10}.Release|Any CPU.Build.0 = Release|Any CPU
		{590B3377-2291-4476-A881-B54762BBE3A8}.Debug|Any CPU.ActiveCfg = Debug|Any CPU
		{590B3377-2291-4476-A881-B54762BBE3A8}.Debug|Any CPU.Build.0 = Debug|Any CPU
		{590B3377-2291-4476-A881-B54762BBE3A8}.Release|Any CPU.ActiveCfg = Release|Any CPU
		{590B3377-2291-4476-A881-B54762BBE3A8}.Release|Any CPU.Build.0 = Release|Any CPU
		{E422C059-D993-4A18-B3FC-2A340F523622}.Debug|Any CPU.ActiveCfg = Debug|Any CPU
		{E422C059-D993-4A18-B3FC-2A340F523622}.Debug|Any CPU.Build.0 = Debug|Any CPU
		{E422C059-D993-4A18-B3FC-2A340F523622}.Release|Any CPU.ActiveCfg = Release|Any CPU
		{E422C059-D993-4A18-B3FC-2A340F523622}.Release|Any CPU.Build.0 = Release|Any CPU
		{A3BAAA9B-7B15-4A88-A762-C040877ABFC3}.Debug|Any CPU.ActiveCfg = Debug|Any CPU
		{A3BAAA9B-7B15-4A88-A762-C040877ABFC3}.Debug|Any CPU.Build.0 = Debug|Any CPU
		{A3BAAA9B-7B15-4A88-A762-C040877ABFC3}.Release|Any CPU.ActiveCfg = Release|Any CPU
		{A3BAAA9B-7B15-4A88-A762-C040877ABFC3}.Release|Any CPU.Build.0 = Release|Any CPU
		{A3DE611C-DC64-4E83-9D27-A732DC4861E2}.Debug|Any CPU.ActiveCfg = Debug|Any CPU
		{A3DE611C-DC64-4E83-9D27-A732DC4861E2}.Debug|Any CPU.Build.0 = Debug|Any CPU
		{A3DE611C-DC64-4E83-9D27-A732DC4861E2}.Release|Any CPU.ActiveCfg = Release|Any CPU
		{A3DE611C-DC64-4E83-9D27-A732DC4861E2}.Release|Any CPU.Build.0 = Release|Any CPU
	EndGlobalSection
EndGlobal
